
Microsoft Visual Studio Solution File, Format Version 12.00
# Visual Studio 15
VisualStudioVersion = 15.0.26403.7
MinimumVisualStudioVersion = 10.0.40219.1
Project("{9A19103F-16F7-4668-BE54-9A1E7A4F7556}") = "Frontendui", "quiz\Frontendui.csproj", "{FFEDCE7E-AEA3-41F1-953C-6528B38B943C}"
EndProject
Project("{FAE04EC0-301F-11D3-BF4B-00C04F79EFBC}") = "EventHubTest", "EventHubTest\EventHubTest.csproj", "{3B0E02B7-71C3-4E9E-AAA8-2B323F060234}"
EndProject
Project("{2150E333-8FDC-42A3-9474-1A3956D46DE8}") = "Solution Items", "Solution Items", "{54328884-CAA9-4F3A-AF34-01CF79186676}"
	ProjectSection(SolutionItems) = preProject
		Readme.md = Readme.md
	EndProjectSection
EndProject
Project("{FAE04EC0-301F-11D3-BF4B-00C04F79EFBC}") = "Tester.cs", "Tester.cs\Tester.cs.csproj", "{7C0316BF-4C37-4681-90F6-97FA8B0E13E9}"
EndProject
Project("{2150E333-8FDC-42A3-9474-1A3956D46DE8}") = "Tester", "Tester", "{45B8B264-0DFE-4E17-8DC9-3F548F2F5B13}"
EndProject
Project("{2150E333-8FDC-42A3-9474-1A3956D46DE8}") = "DataLake", "DataLake", "{FD0B4513-8EC6-4DFA-98EF-D63D7319785D}"
EndProject
Project("{2150E333-8FDC-42A3-9474-1A3956D46DE8}") = "Frontend", "Frontend", "{B39A77DF-A8C4-4FCD-A12B-CFB273D6E770}"
EndProject
Project("{2150E333-8FDC-42A3-9474-1A3956D46DE8}") = "ARM", "ARM", "{D0DB3437-7771-4692-BEA4-7D76C98F0EE0}"
EndProject
Project("{FAE04EC0-301F-11D3-BF4B-00C04F79EFBC}") = "SearchOutputter", "AzureSearchOutputter\SearchOutputter.csproj", "{1B3E7106-6D16-4B96-87C5-F15E18FFC08F}"
EndProject
Project("{151D2E53-A2C4-4D7D-83FE-D05416EBD58E}") = "armtemplate", "armtemplate\armtemplate.deployproj", "{CE3C62E4-E07F-49D1-9AD9-C4869500A1DB}"
EndProject
Project("{182E2583-ECAD-465B-BB50-91101D7C24CE}") = "DataConvert", "DataConvert\DataConvert.usqlproj", "{6262772A-F2CD-4E47-AFC0-B19C0407AE9F}"
EndProject
Project("{2150E333-8FDC-42A3-9474-1A3956D46DE8}") = "Data", "Data", "{390B5C0E-7C57-4A2E-9897-F8813BCBE517}"
	ProjectSection(SolutionItems) = preProject
		Data\ml-10M100K\allbut.pl = Data\ml-10M100K\allbut.pl
		Data\ml-10M100K\movies.dat = Data\ml-10M100K\movies.dat
		Data\ml-10M100K\ratings.dat = Data\ml-10M100K\ratings.dat
		Data\ml-10M100K\README.html = Data\ml-10M100K\README.html
		Data\ml-10M100K\split_ratings.sh = Data\ml-10M100K\split_ratings.sh
		Data\ml-10M100K\tags.dat = Data\ml-10M100K\tags.dat
	EndProjectSection
EndProject
Project("{FAE04EC0-301F-11D3-BF4B-00C04F79EFBC}") = "AzureMLRecoSampleApp", "recommendationsample\AzureMLRecoSampleApp.csproj", "{BEC461CD-EB59-44F2-A1FF-8DD515D14B0F}"
EndProject
Project("{2150E333-8FDC-42A3-9474-1A3956D46DE8}") = "Data Factory", "Data Factory", "{04D0F4FA-A613-4DA1-B212-8667C73FB010}"
EndProject
Project("{2150E333-8FDC-42A3-9474-1A3956D46DE8}") = "extenralStuff", "extenralStuff", "{9F51AF45-9736-458E-B4F8-5179788071F7}"
EndProject
Project("{FAE04EC0-301F-11D3-BF4B-00C04F79EFBC}") = "IOThub", "..\..\Users\uneidel\Documents\github\IoTADF\CustomActivity\IOThub.csproj", "{B7242F6B-67A3-420B-AA55-5FD75841CED6}"
EndProject
Project("{2150E333-8FDC-42A3-9474-1A3956D46DE8}") = "Pipeline", "Pipeline", "{F842B5F0-C461-45D5-9626-6028544DBD4C}"
	ProjectSection(SolutionItems) = preProject
		adllinkedservice.json = adllinkedservice.json
		SetupPipeline.ps1 = SetupPipeline.ps1
	EndProjectSection
EndProject
Project("{FAE04EC0-301F-11D3-BF4B-00C04F79EFBC}") = "RecoDFActivity", "RecoDFActivity\RecoDFActivity.csproj", "{335C8C71-358F-44BA-ABC7-C373AA424899}"
EndProject
Project("{FAE04EC0-301F-11D3-BF4B-00C04F79EFBC}") = "DataLakeTester", "DataLakeTester\DataLakeTester.csproj", "{33E87060-56CF-4D06-BD57-B419E035074F}"
EndProject
Project("{182E2583-ECAD-465B-BB50-91101D7C24CE}") = "TestForAF", "TestForAF\TestForAF.usqlproj", "{C0FA4095-E19B-4DF7-9922-A043395B79F8}"
EndProject
Global
	GlobalSection(SolutionConfigurationPlatforms) = preSolution
		Debug|Any CPU = Debug|Any CPU
		Debug|x64 = Debug|x64
		Debug|x86 = Debug|x86
		Release|Any CPU = Release|Any CPU
		Release|x64 = Release|x64
		Release|x86 = Release|x86
	EndGlobalSection
	GlobalSection(ProjectConfigurationPlatforms) = postSolution
		{FFEDCE7E-AEA3-41F1-953C-6528B38B943C}.Debug|Any CPU.ActiveCfg = Debug|Any CPU
		{FFEDCE7E-AEA3-41F1-953C-6528B38B943C}.Debug|x64.ActiveCfg = Debug|Any CPU
		{FFEDCE7E-AEA3-41F1-953C-6528B38B943C}.Debug|x64.Build.0 = Debug|Any CPU
		{FFEDCE7E-AEA3-41F1-953C-6528B38B943C}.Debug|x86.ActiveCfg = Debug|Any CPU
		{FFEDCE7E-AEA3-41F1-953C-6528B38B943C}.Debug|x86.Build.0 = Debug|Any CPU
		{FFEDCE7E-AEA3-41F1-953C-6528B38B943C}.Release|Any CPU.ActiveCfg = Release|Any CPU
		{FFEDCE7E-AEA3-41F1-953C-6528B38B943C}.Release|Any CPU.Build.0 = Release|Any CPU
		{FFEDCE7E-AEA3-41F1-953C-6528B38B943C}.Release|x64.ActiveCfg = Release|Any CPU
		{FFEDCE7E-AEA3-41F1-953C-6528B38B943C}.Release|x64.Build.0 = Release|Any CPU
		{FFEDCE7E-AEA3-41F1-953C-6528B38B943C}.Release|x86.ActiveCfg = Release|Any CPU
		{FFEDCE7E-AEA3-41F1-953C-6528B38B943C}.Release|x86.Build.0 = Release|Any CPU
		{3B0E02B7-71C3-4E9E-AAA8-2B323F060234}.Debug|Any CPU.ActiveCfg = Debug|Any CPU
		{3B0E02B7-71C3-4E9E-AAA8-2B323F060234}.Debug|x64.ActiveCfg = Debug|Any CPU
		{3B0E02B7-71C3-4E9E-AAA8-2B323F060234}.Debug|x64.Build.0 = Debug|Any CPU
		{3B0E02B7-71C3-4E9E-AAA8-2B323F060234}.Debug|x86.ActiveCfg = Debug|Any CPU
		{3B0E02B7-71C3-4E9E-AAA8-2B323F060234}.Debug|x86.Build.0 = Debug|Any CPU
		{3B0E02B7-71C3-4E9E-AAA8-2B323F060234}.Release|Any CPU.ActiveCfg = Release|Any CPU
		{3B0E02B7-71C3-4E9E-AAA8-2B323F060234}.Release|Any CPU.Build.0 = Release|Any CPU
		{3B0E02B7-71C3-4E9E-AAA8-2B323F060234}.Release|x64.ActiveCfg = Release|Any CPU
		{3B0E02B7-71C3-4E9E-AAA8-2B323F060234}.Release|x64.Build.0 = Release|Any CPU
		{3B0E02B7-71C3-4E9E-AAA8-2B323F060234}.Release|x86.ActiveCfg = Release|Any CPU
		{3B0E02B7-71C3-4E9E-AAA8-2B323F060234}.Release|x86.Build.0 = Release|Any CPU
		{7C0316BF-4C37-4681-90F6-97FA8B0E13E9}.Debug|Any CPU.ActiveCfg = Debug|Any CPU
		{7C0316BF-4C37-4681-90F6-97FA8B0E13E9}.Debug|x64.ActiveCfg = Debug|Any CPU
		{7C0316BF-4C37-4681-90F6-97FA8B0E13E9}.Debug|x64.Build.0 = Debug|Any CPU
		{7C0316BF-4C37-4681-90F6-97FA8B0E13E9}.Debug|x86.ActiveCfg = Debug|Any CPU
		{7C0316BF-4C37-4681-90F6-97FA8B0E13E9}.Debug|x86.Build.0 = Debug|Any CPU
		{7C0316BF-4C37-4681-90F6-97FA8B0E13E9}.Release|Any CPU.ActiveCfg = Release|Any CPU
		{7C0316BF-4C37-4681-90F6-97FA8B0E13E9}.Release|Any CPU.Build.0 = Release|Any CPU
		{7C0316BF-4C37-4681-90F6-97FA8B0E13E9}.Release|x64.ActiveCfg = Release|Any CPU
		{7C0316BF-4C37-4681-90F6-97FA8B0E13E9}.Release|x64.Build.0 = Release|Any CPU
		{7C0316BF-4C37-4681-90F6-97FA8B0E13E9}.Release|x86.ActiveCfg = Release|Any CPU
		{7C0316BF-4C37-4681-90F6-97FA8B0E13E9}.Release|x86.Build.0 = Release|Any CPU
		{1B3E7106-6D16-4B96-87C5-F15E18FFC08F}.Debug|Any CPU.ActiveCfg = Debug|Any CPU
		{1B3E7106-6D16-4B96-87C5-F15E18FFC08F}.Debug|x64.ActiveCfg = Debug|Any CPU
		{1B3E7106-6D16-4B96-87C5-F15E18FFC08F}.Debug|x64.Build.0 = Debug|Any CPU
		{1B3E7106-6D16-4B96-87C5-F15E18FFC08F}.Debug|x86.ActiveCfg = Debug|Any CPU
		{1B3E7106-6D16-4B96-87C5-F15E18FFC08F}.Debug|x86.Build.0 = Debug|Any CPU
		{1B3E7106-6D16-4B96-87C5-F15E18FFC08F}.Release|Any CPU.ActiveCfg = Release|Any CPU
		{1B3E7106-6D16-4B96-87C5-F15E18FFC08F}.Release|Any CPU.Build.0 = Release|Any CPU
		{1B3E7106-6D16-4B96-87C5-F15E18FFC08F}.Release|x64.ActiveCfg = Release|Any CPU
		{1B3E7106-6D16-4B96-87C5-F15E18FFC08F}.Release|x64.Build.0 = Release|Any CPU
		{1B3E7106-6D16-4B96-87C5-F15E18FFC08F}.Release|x86.ActiveCfg = Release|Any CPU
		{1B3E7106-6D16-4B96-87C5-F15E18FFC08F}.Release|x86.Build.0 = Release|Any CPU
		{CE3C62E4-E07F-49D1-9AD9-C4869500A1DB}.Debug|Any CPU.ActiveCfg = Debug|Any CPU
		{CE3C62E4-E07F-49D1-9AD9-C4869500A1DB}.Debug|x64.ActiveCfg = Debug|Any CPU
		{CE3C62E4-E07F-49D1-9AD9-C4869500A1DB}.Debug|x64.Build.0 = Debug|Any CPU
		{CE3C62E4-E07F-49D1-9AD9-C4869500A1DB}.Debug|x86.ActiveCfg = Debug|Any CPU
		{CE3C62E4-E07F-49D1-9AD9-C4869500A1DB}.Debug|x86.Build.0 = Debug|Any CPU
		{CE3C62E4-E07F-49D1-9AD9-C4869500A1DB}.Release|Any CPU.ActiveCfg = Release|Any CPU
		{CE3C62E4-E07F-49D1-9AD9-C4869500A1DB}.Release|Any CPU.Build.0 = Release|Any CPU
		{CE3C62E4-E07F-49D1-9AD9-C4869500A1DB}.Release|x64.ActiveCfg = Release|Any CPU
		{CE3C62E4-E07F-49D1-9AD9-C4869500A1DB}.Release|x64.Build.0 = Release|Any CPU
		{CE3C62E4-E07F-49D1-9AD9-C4869500A1DB}.Release|x86.ActiveCfg = Release|Any CPU
		{CE3C62E4-E07F-49D1-9AD9-C4869500A1DB}.Release|x86.Build.0 = Release|Any CPU
		{6262772A-F2CD-4E47-AFC0-B19C0407AE9F}.Debug|Any CPU.ActiveCfg = Debug|Any CPU
		{6262772A-F2CD-4E47-AFC0-B19C0407AE9F}.Debug|x64.ActiveCfg = Debug|x64
		{6262772A-F2CD-4E47-AFC0-B19C0407AE9F}.Debug|x64.Build.0 = Debug|x64
		{6262772A-F2CD-4E47-AFC0-B19C0407AE9F}.Debug|x86.ActiveCfg = Debug|x86
		{6262772A-F2CD-4E47-AFC0-B19C0407AE9F}.Debug|x86.Build.0 = Debug|x86
		{6262772A-F2CD-4E47-AFC0-B19C0407AE9F}.Release|Any CPU.ActiveCfg = Release|Any CPU
		{6262772A-F2CD-4E47-AFC0-B19C0407AE9F}.Release|Any CPU.Build.0 = Release|Any CPU
		{6262772A-F2CD-4E47-AFC0-B19C0407AE9F}.Release|x64.ActiveCfg = Release|x64
		{6262772A-F2CD-4E47-AFC0-B19C0407AE9F}.Release|x64.Build.0 = Release|x64
		{6262772A-F2CD-4E47-AFC0-B19C0407AE9F}.Release|x86.ActiveCfg = Release|x86
		{6262772A-F2CD-4E47-AFC0-B19C0407AE9F}.Release|x86.Build.0 = Release|x86
		{BEC461CD-EB59-44F2-A1FF-8DD515D14B0F}.Debug|Any CPU.ActiveCfg = Debug|Any CPU
		{BEC461CD-EB59-44F2-A1FF-8DD515D14B0F}.Debug|x64.ActiveCfg = Debug|Any CPU
		{BEC461CD-EB59-44F2-A1FF-8DD515D14B0F}.Debug|x64.Build.0 = Debug|Any CPU
		{BEC461CD-EB59-44F2-A1FF-8DD515D14B0F}.Debug|x86.ActiveCfg = Debug|Any CPU
		{BEC461CD-EB59-44F2-A1FF-8DD515D14B0F}.Debug|x86.Build.0 = Debug|Any CPU
		{BEC461CD-EB59-44F2-A1FF-8DD515D14B0F}.Release|Any CPU.ActiveCfg = Release|Any CPU
		{BEC461CD-EB59-44F2-A1FF-8DD515D14B0F}.Release|Any CPU.Build.0 = Release|Any CPU
		{BEC461CD-EB59-44F2-A1FF-8DD515D14B0F}.Release|x64.ActiveCfg = Release|Any CPU
		{BEC461CD-EB59-44F2-A1FF-8DD515D14B0F}.Release|x64.Build.0 = Release|Any CPU
		{BEC461CD-EB59-44F2-A1FF-8DD515D14B0F}.Release|x86.ActiveCfg = Release|Any CPU
		{BEC461CD-EB59-44F2-A1FF-8DD515D14B0F}.Release|x86.Build.0 = Release|Any CPU
		{B7242F6B-67A3-420B-AA55-5FD75841CED6}.Debug|Any CPU.ActiveCfg = Debug|Any CPU
		{B7242F6B-67A3-420B-AA55-5FD75841CED6}.Debug|x64.ActiveCfg = Debug|Any CPU
		{B7242F6B-67A3-420B-AA55-5FD75841CED6}.Debug|x64.Build.0 = Debug|Any CPU
		{B7242F6B-67A3-420B-AA55-5FD75841CED6}.Debug|x86.ActiveCfg = Debug|Any CPU
		{B7242F6B-67A3-420B-AA55-5FD75841CED6}.Debug|x86.Build.0 = Debug|Any CPU
		{B7242F6B-67A3-420B-AA55-5FD75841CED6}.Release|Any CPU.ActiveCfg = Release|Any CPU
		{B7242F6B-67A3-420B-AA55-5FD75841CED6}.Release|Any CPU.Build.0 = Release|Any CPU
		{B7242F6B-67A3-420B-AA55-5FD75841CED6}.Release|x64.ActiveCfg = Release|Any CPU
		{B7242F6B-67A3-420B-AA55-5FD75841CED6}.Release|x64.Build.0 = Release|Any CPU
		{B7242F6B-67A3-420B-AA55-5FD75841CED6}.Release|x86.ActiveCfg = Release|Any CPU
		{B7242F6B-67A3-420B-AA55-5FD75841CED6}.Release|x86.Build.0 = Release|Any CPU
		{335C8C71-358F-44BA-ABC7-C373AA424899}.Debug|Any CPU.ActiveCfg = Debug|Any CPU
		{335C8C71-358F-44BA-ABC7-C373AA424899}.Debug|Any CPU.Build.0 = Debug|Any CPU
		{335C8C71-358F-44BA-ABC7-C373AA424899}.Debug|x64.ActiveCfg = Debug|Any CPU
		{335C8C71-358F-44BA-ABC7-C373AA424899}.Debug|x64.Build.0 = Debug|Any CPU
		{335C8C71-358F-44BA-ABC7-C373AA424899}.Debug|x86.ActiveCfg = Debug|Any CPU
		{335C8C71-358F-44BA-ABC7-C373AA424899}.Debug|x86.Build.0 = Debug|Any CPU
		{335C8C71-358F-44BA-ABC7-C373AA424899}.Release|Any CPU.ActiveCfg = Release|Any CPU
		{335C8C71-358F-44BA-ABC7-C373AA424899}.Release|Any CPU.Build.0 = Release|Any CPU
		{335C8C71-358F-44BA-ABC7-C373AA424899}.Release|x64.ActiveCfg = Release|Any CPU
		{335C8C71-358F-44BA-ABC7-C373AA424899}.Release|x64.Build.0 = Release|Any CPU
		{335C8C71-358F-44BA-ABC7-C373AA424899}.Release|x86.ActiveCfg = Release|Any CPU
		{335C8C71-358F-44BA-ABC7-C373AA424899}.Release|x86.Build.0 = Release|Any CPU
		{33E87060-56CF-4D06-BD57-B419E035074F}.Debug|Any CPU.ActiveCfg = Debug|Any CPU
		{33E87060-56CF-4D06-BD57-B419E035074F}.Debug|Any CPU.Build.0 = Debug|Any CPU
		{33E87060-56CF-4D06-BD57-B419E035074F}.Debug|x64.ActiveCfg = Debug|Any CPU
		{33E87060-56CF-4D06-BD57-B419E035074F}.Debug|x64.Build.0 = Debug|Any CPU
		{33E87060-56CF-4D06-BD57-B419E035074F}.Debug|x86.ActiveCfg = Debug|Any CPU
		{33E87060-56CF-4D06-BD57-B419E035074F}.Debug|x86.Build.0 = Debug|Any CPU
		{33E87060-56CF-4D06-BD57-B419E035074F}.Release|Any CPU.ActiveCfg = Release|Any CPU
		{33E87060-56CF-4D06-BD57-B419E035074F}.Release|Any CPU.Build.0 = Release|Any CPU
		{33E87060-56CF-4D06-BD57-B419E035074F}.Release|x64.ActiveCfg = Release|Any CPU
		{33E87060-56CF-4D06-BD57-B419E035074F}.Release|x64.Build.0 = Release|Any CPU
		{33E87060-56CF-4D06-BD57-B419E035074F}.Release|x86.ActiveCfg = Release|Any CPU
		{33E87060-56CF-4D06-BD57-B419E035074F}.Release|x86.Build.0 = Release|Any CPU
		{C0FA4095-E19B-4DF7-9922-A043395B79F8}.Debug|Any CPU.ActiveCfg = Debug|Any CPU
		{C0FA4095-E19B-4DF7-9922-A043395B79F8}.Debug|Any CPU.Build.0 = Debug|Any CPU
		{C0FA4095-E19B-4DF7-9922-A043395B79F8}.Debug|x64.ActiveCfg = Debug|x64
		{C0FA4095-E19B-4DF7-9922-A043395B79F8}.Debug|x64.Build.0 = Debug|x64
		{C0FA4095-E19B-4DF7-9922-A043395B79F8}.Debug|x86.ActiveCfg = Debug|x86
		{C0FA4095-E19B-4DF7-9922-A043395B79F8}.Debug|x86.Build.0 = Debug|x86
		{C0FA4095-E19B-4DF7-9922-A043395B79F8}.Release|Any CPU.ActiveCfg = Release|Any CPU
		{C0FA4095-E19B-4DF7-9922-A043395B79F8}.Release|Any CPU.Build.0 = Release|Any CPU
		{C0FA4095-E19B-4DF7-9922-A043395B79F8}.Release|x64.ActiveCfg = Release|x64
		{C0FA4095-E19B-4DF7-9922-A043395B79F8}.Release|x64.Build.0 = Release|x64
		{C0FA4095-E19B-4DF7-9922-A043395B79F8}.Release|x86.ActiveCfg = Release|x86
		{C0FA4095-E19B-4DF7-9922-A043395B79F8}.Release|x86.Build.0 = Release|x86
	EndGlobalSection
	GlobalSection(SolutionProperties) = preSolution
		HideSolutionNode = FALSE
	EndGlobalSection
	GlobalSection(NestedProjects) = preSolution
		{FFEDCE7E-AEA3-41F1-953C-6528B38B943C} = {B39A77DF-A8C4-4FCD-A12B-CFB273D6E770}
		{3B0E02B7-71C3-4E9E-AAA8-2B323F060234} = {45B8B264-0DFE-4E17-8DC9-3F548F2F5B13}
		{7C0316BF-4C37-4681-90F6-97FA8B0E13E9} = {45B8B264-0DFE-4E17-8DC9-3F548F2F5B13}
		{1B3E7106-6D16-4B96-87C5-F15E18FFC08F} = {FD0B4513-8EC6-4DFA-98EF-D63D7319785D}
		{CE3C62E4-E07F-49D1-9AD9-C4869500A1DB} = {D0DB3437-7771-4692-BEA4-7D76C98F0EE0}
		{6262772A-F2CD-4E47-AFC0-B19C0407AE9F} = {FD0B4513-8EC6-4DFA-98EF-D63D7319785D}
		{390B5C0E-7C57-4A2E-9897-F8813BCBE517} = {54328884-CAA9-4F3A-AF34-01CF79186676}
		{BEC461CD-EB59-44F2-A1FF-8DD515D14B0F} = {45B8B264-0DFE-4E17-8DC9-3F548F2F5B13}
		{B7242F6B-67A3-420B-AA55-5FD75841CED6} = {9F51AF45-9736-458E-B4F8-5179788071F7}
		{F842B5F0-C461-45D5-9626-6028544DBD4C} = {04D0F4FA-A613-4DA1-B212-8667C73FB010}
		{335C8C71-358F-44BA-ABC7-C373AA424899} = {04D0F4FA-A613-4DA1-B212-8667C73FB010}
		{33E87060-56CF-4D06-BD57-B419E035074F} = {45B8B264-0DFE-4E17-8DC9-3F548F2F5B13}
		{C0FA4095-E19B-4DF7-9922-A043395B79F8} = {FD0B4513-8EC6-4DFA-98EF-D63D7319785D}
	EndGlobalSection
EndGlobal
